
Microsoft Visual Studio Solution File, Format Version 12.00
# Visual Studio 2013
VisualStudioVersion = 12.0.40629.0
MinimumVisualStudioVersion = 10.0.40219.1
Project("{FAE04EC0-301F-11D3-BF4B-00C04F79EFBC}") = "NextBootOSSelector", "NextBootOSSelector\NextBootOSSelector.csproj", "{76FA3BE9-FF9D-4B4B-A743-4CC53B198D6E}"
EndProject
Project("{FAE04EC0-301F-11D3-BF4B-00C04F79EFBC}") = "NextBootOSSelector.Core", "NextBootOSSelector.Core\NextBootOSSelector.Core.csproj", "{9C5AA72C-0F72-4569-A7D1-3F57776CE970}"
EndProject
Project("{FAE04EC0-301F-11D3-BF4B-00C04F79EFBC}") = "NextBootOSSelector.Resource", "NextBootOSSelector.Resource\NextBootOSSelector.Resource.csproj", "{A9187141-B0D6-43A7-959A-1CCDE55EFE0C}"
EndProject
Project("{2150E333-8FDC-42A3-9474-1A3956D46DE8}") = ".nuget", ".nuget", "{8A964907-2948-4C90-9A5B-2067CBBC3313}"
	ProjectSection(SolutionItems) = preProject
		.nuget\NuGet.Config = .nuget\NuGet.Config
		.nuget\NuGet.exe = .nuget\NuGet.exe
		.nuget\NuGet.targets = .nuget\NuGet.targets
	EndProjectSection
EndProject
Global
	GlobalSection(SolutionConfigurationPlatforms) = preSolution
		Debug|Any CPU = Debug|Any CPU
		Release|Any CPU = Release|Any CPU
	EndGlobalSection
	GlobalSection(ProjectConfigurationPlatforms) = postSolution
		{76FA3BE9-FF9D-4B4B-A743-4CC53B198D6E}.Debug|Any CPU.ActiveCfg = Debug|Any CPU
		{76FA3BE9-FF9D-4B4B-A743-4CC53B198D6E}.Debug|Any CPU.Build.0 = Debug|Any CPU
		{76FA3BE9-FF9D-4B4B-A743-4CC53B198D6E}.Release|Any CPU.ActiveCfg = Release|Any CPU
		{76FA3BE9-FF9D-4B4B-A743-4CC53B198D6E}.Release|Any CPU.Build.0 = Release|Any CPU
		{9C5AA72C-0F72-4569-A7D1-3F57776CE970}.Debug|Any CPU.ActiveCfg = Debug|Any CPU
		{9C5AA72C-0F72-4569-A7D1-3F57776CE970}.Debug|Any CPU.Build.0 = Debug|Any CPU
		{9C5AA72C-0F72-4569-A7D1-3F57776CE970}.Release|Any CPU.ActiveCfg = Release|Any CPU
		{9C5AA72C-0F72-4569-A7D1-3F57776CE970}.Release|Any CPU.Build.0 = Release|Any CPU
		{A9187141-B0D6-43A7-959A-1CCDE55EFE0C}.Debug|Any CPU.ActiveCfg = Debug|Any CPU
		{A9187141-B0D6-43A7-959A-1CCDE55EFE0C}.Debug|Any CPU.Build.0 = Debug|Any CPU
		{A9187141-B0D6-43A7-959A-1CCDE55EFE0C}.Release|Any CPU.ActiveCfg = Release|Any CPU
		{A9187141-B0D6-43A7-959A-1CCDE55EFE0C}.Release|Any CPU.Build.0 = Release|Any CPU
	EndGlobalSection
	GlobalSection(SolutionProperties) = preSolution
		HideSolutionNode = FALSE
	EndGlobalSection
EndGlobal
